// !$*UTF8*$!
{
	archiveVersion = 1;
	classes = {
	};
	objectVersion = 50;
	objects = {

/* Begin PBXBuildFile section */
		F816E6762545D944004214D4 /* AppDelegate.swift in Sources */ = {isa = PBXBuildFile; fileRef = F816E6752545D944004214D4 /* AppDelegate.swift */; };
		F816E6782545D944004214D4 /* SceneDelegate.swift in Sources */ = {isa = PBXBuildFile; fileRef = F816E6772545D944004214D4 /* SceneDelegate.swift */; };
		F816E67A2545D944004214D4 /* ViewController.swift in Sources */ = {isa = PBXBuildFile; fileRef = F816E6792545D944004214D4 /* ViewController.swift */; };
		F816E67D2545D944004214D4 /* Main.storyboard in Resources */ = {isa = PBXBuildFile; fileRef = F816E67B2545D944004214D4 /* Main.storyboard */; };
		F816E67F2545D945004214D4 /* Assets.xcassets in Resources */ = {isa = PBXBuildFile; fileRef = F816E67E2545D945004214D4 /* Assets.xcassets */; };
		F816E6822545D945004214D4 /* LaunchScreen.storyboard in Resources */ = {isa = PBXBuildFile; fileRef = F816E6802545D945004214D4 /* LaunchScreen.storyboard */; };
		F816E68B2545D967004214D4 /* CoffeeMachine.swift in Sources */ = {isa = PBXBuildFile; fileRef = F816E68A2545D967004214D4 /* CoffeeMachine.swift */; };
		F8B3DD7025483C7300AC35D6 /* grind.mp3 in Resources */ = {isa = PBXBuildFile; fileRef = F8B3DD6F25483C7300AC35D6 /* grind.mp3 */; };
		F8B3DD80254841E700AC35D6 /* fillCoffeeCup.mp3 in Resources */ = {isa = PBXBuildFile; fileRef = F8B3DD7F254841E700AC35D6 /* fillCoffeeCup.mp3 */; };
		F8B3DD832548431000AC35D6 /* fillWater.mp3 in Resources */ = {isa = PBXBuildFile; fileRef = F8B3DD822548431000AC35D6 /* fillWater.mp3 */; };
		F8B3DD862548499A00AC35D6 /* groundsAppear.mp3 in Resources */ = {isa = PBXBuildFile; fileRef = F8B3DD852548499A00AC35D6 /* groundsAppear.mp3 */; };
		F8B3DD8925484FF200AC35D6 /* clean.mp3 in Resources */ = {isa = PBXBuildFile; fileRef = F8B3DD8825484FF200AC35D6 /* clean.mp3 */; };
		F8B3DD91254854B800AC35D6 /* fillBeans.mp3 in Resources */ = {isa = PBXBuildFile; fileRef = F8B3DD90254854B800AC35D6 /* fillBeans.mp3 */; };
/* End PBXBuildFile section */

/* Begin PBXFileReference section */
		F816E6722545D944004214D4 /* CoffeeMachine.app */ = {isa = PBXFileReference; explicitFileType = wrapper.application; includeInIndex = 0; path = CoffeeMachine.app; sourceTree = BUILT_PRODUCTS_DIR; };
		F816E6752545D944004214D4 /* AppDelegate.swift */ = {isa = PBXFileReference; lastKnownFileType = sourcecode.swift; path = AppDelegate.swift; sourceTree = "<group>"; };
		F816E6772545D944004214D4 /* SceneDelegate.swift */ = {isa = PBXFileReference; lastKnownFileType = sourcecode.swift; path = SceneDelegate.swift; sourceTree = "<group>"; };
		F816E6792545D944004214D4 /* ViewController.swift */ = {isa = PBXFileReference; lastKnownFileType = sourcecode.swift; path = ViewController.swift; sourceTree = "<group>"; };
		F816E67C2545D944004214D4 /* Base */ = {isa = PBXFileReference; lastKnownFileType = file.storyboard; name = Base; path = Base.lproj/Main.storyboard; sourceTree = "<group>"; };
		F816E67E2545D945004214D4 /* Assets.xcassets */ = {isa = PBXFileReference; lastKnownFileType = folder.assetcatalog; path = Assets.xcassets; sourceTree = "<group>"; };
		F816E6812545D945004214D4 /* Base */ = {isa = PBXFileReference; lastKnownFileType = file.storyboard; name = Base; path = Base.lproj/LaunchScreen.storyboard; sourceTree = "<group>"; };
		F816E6832545D945004214D4 /* Info.plist */ = {isa = PBXFileReference; lastKnownFileType = text.plist.xml; path = Info.plist; sourceTree = "<group>"; };
		F816E68A2545D967004214D4 /* CoffeeMachine.swift */ = {isa = PBXFileReference; lastKnownFileType = sourcecode.swift; path = CoffeeMachine.swift; sourceTree = "<group>"; };
		F8B3DD6F25483C7300AC35D6 /* grind.mp3 */ = {isa = PBXFileReference; lastKnownFileType = audio.mp3; path = grind.mp3; sourceTree = "<group>"; };
		F8B3DD7F254841E700AC35D6 /* fillCoffeeCup.mp3 */ = {isa = PBXFileReference; lastKnownFileType = audio.mp3; path = fillCoffeeCup.mp3; sourceTree = "<group>"; };
		F8B3DD822548431000AC35D6 /* fillWater.mp3 */ = {isa = PBXFileReference; lastKnownFileType = audio.mp3; path = fillWater.mp3; sourceTree = "<group>"; };
		F8B3DD852548499A00AC35D6 /* groundsAppear.mp3 */ = {isa = PBXFileReference; lastKnownFileType = audio.mp3; path = groundsAppear.mp3; sourceTree = "<group>"; };
		F8B3DD8825484FF200AC35D6 /* clean.mp3 */ = {isa = PBXFileReference; lastKnownFileType = audio.mp3; path = clean.mp3; sourceTree = "<group>"; };
		F8B3DD90254854B800AC35D6 /* fillBeans.mp3 */ = {isa = PBXFileReference; lastKnownFileType = audio.mp3; path = fillBeans.mp3; sourceTree = "<group>"; };
/* End PBXFileReference section */

/* Begin PBXFrameworksBuildPhase section */
		F816E66F2545D944004214D4 /* Frameworks */ = {
			isa = PBXFrameworksBuildPhase;
			buildActionMask = 2147483647;
			files = (
			);
			runOnlyForDeploymentPostprocessing = 0;
		};
/* End PBXFrameworksBuildPhase section */

/* Begin PBXGroup section */
		F816E6692545D944004214D4 = {
			isa = PBXGroup;
			children = (
				F816E6742545D944004214D4 /* CoffeeMachine */,
				F816E6732545D944004214D4 /* Products */,
			);
			sourceTree = "<group>";
		};
		F816E6732545D944004214D4 /* Products */ = {
			isa = PBXGroup;
			children = (
				F816E6722545D944004214D4 /* CoffeeMachine.app */,
			);
			name = Products;
			sourceTree = "<group>";
		};
		F816E6742545D944004214D4 /* CoffeeMachine */ = {
			isa = PBXGroup;
			children = (
				F816E68D2545DEE8004214D4 /* Sound */,
				F816E6752545D944004214D4 /* AppDelegate.swift */,
				F816E6772545D944004214D4 /* SceneDelegate.swift */,
				F816E6792545D944004214D4 /* ViewController.swift */,
				F816E68A2545D967004214D4 /* CoffeeMachine.swift */,
				F816E67B2545D944004214D4 /* Main.storyboard */,
				F816E67E2545D945004214D4 /* Assets.xcassets */,
				F816E6802545D945004214D4 /* LaunchScreen.storyboard */,
				F816E6832545D945004214D4 /* Info.plist */,
			);
			path = CoffeeMachine;
			sourceTree = "<group>";
		};
		F816E68D2545DEE8004214D4 /* Sound */ = {
			isa = PBXGroup;
			children = (
				F8B3DD90254854B800AC35D6 /* fillBeans.mp3 */,
				F8B3DD6F25483C7300AC35D6 /* grind.mp3 */,
				F8B3DD8825484FF200AC35D6 /* clean.mp3 */,
				F8B3DD7F254841E700AC35D6 /* fillCoffeeCup.mp3 */,
				F8B3DD822548431000AC35D6 /* fillWater.mp3 */,
				F8B3DD852548499A00AC35D6 /* groundsAppear.mp3 */,
			);
			path = Sound;
			sourceTree = "<group>";
		};
/* End PBXGroup section */

/* Begin PBXNativeTarget section */
		F816E6712545D944004214D4 /* CoffeeMachine */ = {
			isa = PBXNativeTarget;
			buildConfigurationList = F816E6862545D945004214D4 /* Build configuration list for PBXNativeTarget "CoffeeMachine" */;
			buildPhases = (
				F816E66E2545D944004214D4 /* Sources */,
				F816E66F2545D944004214D4 /* Frameworks */,
				F816E6702545D944004214D4 /* Resources */,
			);
			buildRules = (
			);
			dependencies = (
			);
			name = CoffeeMachine;
			productName = CoffeeMachine;
			productReference = F816E6722545D944004214D4 /* CoffeeMachine.app */;
			productType = "com.apple.product-type.application";
		};
/* End PBXNativeTarget section */

/* Begin PBXProject section */
		F816E66A2545D944004214D4 /* Project object */ = {
			isa = PBXProject;
			attributes = {
				LastSwiftUpdateCheck = 1210;
				LastUpgradeCheck = 1210;
				TargetAttributes = {
					F816E6712545D944004214D4 = {
						CreatedOnToolsVersion = 12.1;
					};
				};
			};
			buildConfigurationList = F816E66D2545D944004214D4 /* Build configuration list for PBXProject "CoffeeMachine" */;
			compatibilityVersion = "Xcode 9.3";
			developmentRegion = en;
			hasScannedForEncodings = 0;
			knownRegions = (
				en,
				Base,
			);
			mainGroup = F816E6692545D944004214D4;
			productRefGroup = F816E6732545D944004214D4 /* Products */;
			projectDirPath = "";
			projectRoot = "";
			targets = (
				F816E6712545D944004214D4 /* CoffeeMachine */,
			);
		};
/* End PBXProject section */

/* Begin PBXResourcesBuildPhase section */
		F816E6702545D944004214D4 /* Resources */ = {
			isa = PBXResourcesBuildPhase;
			buildActionMask = 2147483647;
			files = (
				F816E6822545D945004214D4 /* LaunchScreen.storyboard in Resources */,
				F816E67F2545D945004214D4 /* Assets.xcassets in Resources */,
				F8B3DD8925484FF200AC35D6 /* clean.mp3 in Resources */,
				F816E67D2545D944004214D4 /* Main.storyboard in Resources */,
				F8B3DD91254854B800AC35D6 /* fillBeans.mp3 in Resources */,
				F8B3DD7025483C7300AC35D6 /* grind.mp3 in Resources */,
				F8B3DD80254841E700AC35D6 /* fillCoffeeCup.mp3 in Resources */,
				F8B3DD832548431000AC35D6 /* fillWater.mp3 in Resources */,
				F8B3DD862548499A00AC35D6 /* groundsAppear.mp3 in Resources */,
			);
			runOnlyForDeploymentPostprocessing = 0;
		};
/* End PBXResourcesBuildPhase section */

/* Begin PBXSourcesBuildPhase section */
		F816E66E2545D944004214D4 /* Sources */ = {
			isa = PBXSourcesBuildPhase;
			buildActionMask = 2147483647;
			files = (
				F816E67A2545D944004214D4 /* ViewController.swift in Sources */,
				F816E6762545D944004214D4 /* AppDelegate.swift in Sources */,
				F816E6782545D944004214D4 /* SceneDelegate.swift in Sources */,
				F816E68B2545D967004214D4 /* CoffeeMachine.swift in Sources */,
			);
			runOnlyForDeploymentPostprocessing = 0;
		};
/* End PBXSourcesBuildPhase section */

/* Begin PBXVariantGroup section */
		F816E67B2545D944004214D4 /* Main.storyboard */ = {
			isa = PBXVariantGroup;
			children = (
				F816E67C2545D944004214D4 /* Base */,
			);
			name = Main.storyboard;
			sourceTree = "<group>";
		};
		F816E6802545D945004214D4 /* LaunchScreen.storyboard */ = {
			isa = PBXVariantGroup;
			children = (
				F816E6812545D945004214D4 /* Base */,
			);
			name = LaunchScreen.storyboard;
			sourceTree = "<group>";
		};
/* End PBXVariantGroup section */

/* Begin XCBuildConfiguration section */
		F816E6842545D945004214D4 /* Debug */ = {
			isa = XCBuildConfiguration;
			buildSettings = {
				ALWAYS_SEARCH_USER_PATHS = NO;
				CLANG_ANALYZER_NONNULL = YES;
				CLANG_ANALYZER_NUMBER_OBJECT_CONVERSION = YES_AGGRESSIVE;
				CLANG_CXX_LANGUAGE_STANDARD = "gnu++14";
				CLANG_CXX_LIBRARY = "libc++";
				CLANG_ENABLE_MODULES = YES;
				CLANG_ENABLE_OBJC_ARC = YES;
				CLANG_ENABLE_OBJC_WEAK = YES;
				CLANG_WARN_BLOCK_CAPTURE_AUTORELEASING = YES;
				CLANG_WARN_BOOL_CONVERSION = YES;
				CLANG_WARN_COMMA = YES;
				CLANG_WARN_CONSTANT_CONVERSION = YES;
				CLANG_WARN_DEPRECATED_OBJC_IMPLEMENTATIONS = YES;
				CLANG_WARN_DIRECT_OBJC_ISA_USAGE = YES_ERROR;
				CLANG_WARN_DOCUMENTATION_COMMENTS = YES;
				CLANG_WARN_EMPTY_BODY = YES;
				CLANG_WARN_ENUM_CONVERSION = YES;
				CLANG_WARN_INFINITE_RECURSION = YES;
				CLANG_WARN_INT_CONVERSION = YES;
				CLANG_WARN_NON_LITERAL_NULL_CONVERSION = YES;
				CLANG_WARN_OBJC_IMPLICIT_RETAIN_SELF = YES;
				CLANG_WARN_OBJC_LITERAL_CONVERSION = YES;
				CLANG_WARN_OBJC_ROOT_CLASS = YES_ERROR;
				CLANG_WARN_QUOTED_INCLUDE_IN_FRAMEWORK_HEADER = YES;
				CLANG_WARN_RANGE_LOOP_ANALYSIS = YES;
				CLANG_WARN_STRICT_PROTOTYPES = YES;
				CLANG_WARN_SUSPICIOUS_MOVE = YES;
				CLANG_WARN_UNGUARDED_AVAILABILITY = YES_AGGRESSIVE;
				CLANG_WARN_UNREACHABLE_CODE = YES;
				CLANG_WARN__DUPLICATE_METHOD_MATCH = YES;
				COPY_PHASE_STRIP = NO;
				DEBUG_INFORMATION_FORMAT = dwarf;
				ENABLE_STRICT_OBJC_MSGSEND = YES;
				ENABLE_TESTABILITY = YES;
				GCC_C_LANGUAGE_STANDARD = gnu11;
				GCC_DYNAMIC_NO_PIC = NO;
				GCC_NO_COMMON_BLOCKS = YES;
				GCC_OPTIMIZATION_LEVEL = 0;
				GCC_PREPROCESSOR_DEFINITIONS = (
					"DEBUG=1",
					"$(inherited)",
				);
				GCC_WARN_64_TO_32_BIT_CONVERSION = YES;
				GCC_WARN_ABOUT_RETURN_TYPE = YES_ERROR;
				GCC_WARN_UNDECLARED_SELECTOR = YES;
				GCC_WARN_UNINITIALIZED_AUTOS = YES_AGGRESSIVE;
				GCC_WARN_UNUSED_FUNCTION = YES;
				GCC_WARN_UNUSED_VARIABLE = YES;
				IPHONEOS_DEPLOYMENT_TARGET = 14.1;
				MTL_ENABLE_DEBUG_INFO = INCLUDE_SOURCE;
				MTL_FAST_MATH = YES;
				ONLY_ACTIVE_ARCH = YES;
				SDKROOT = iphoneos;
				SWIFT_ACTIVE_COMPILATION_CONDITIONS = DEBUG;
				SWIFT_OPTIMIZATION_LEVEL = "-Onone";
			};
			name = Debug;
		};
		F816E6852545D945004214D4 /* Release */ = {
			isa = XCBuildConfiguration;
			buildSettings = {
				ALWAYS_SEARCH_USER_PATHS = NO;
				CLANG_ANALYZER_NONNULL = YES;
				CLANG_ANALYZER_NUMBER_OBJECT_CONVERSION = YES_AGGRESSIVE;
				CLANG_CXX_LANGUAGE_STANDARD = "gnu++14";
				CLANG_CXX_LIBRARY = "libc++";
				CLANG_ENABLE_MODULES = YES;
				CLANG_ENABLE_OBJC_ARC = YES;
				CLANG_ENABLE_OBJC_WEAK = YES;
				CLANG_WARN_BLOCK_CAPTURE_AUTORELEASING = YES;
				CLANG_WARN_BOOL_CONVERSION = YES;
				CLANG_WARN_COMMA = YES;
				CLANG_WARN_CONSTANT_CONVERSION = YES;
				CLANG_WARN_DEPRECATED_OBJC_IMPLEMENTATIONS = YES;
				CLANG_WARN_DIRECT_OBJC_ISA_USAGE = YES_ERROR;
				CLANG_WARN_DOCUMENTATION_COMMENTS = YES;
				CLANG_WARN_EMPTY_BODY = YES;
				CLANG_WARN_ENUM_CONVERSION = YES;
				CLANG_WARN_INFINITE_RECURSION = YES;
				CLANG_WARN_INT_CONVERSION = YES;
				CLANG_WARN_NON_LITERAL_NULL_CONVERSION = YES;
				CLANG_WARN_OBJC_IMPLICIT_RETAIN_SELF = YES;
				CLANG_WARN_OBJC_LITERAL_CONVERSION = YES;
				CLANG_WARN_OBJC_ROOT_CLASS = YES_ERROR;
				CLANG_WARN_QUOTED_INCLUDE_IN_FRAMEWORK_HEADER = YES;
				CLANG_WARN_RANGE_LOOP_ANALYSIS = YES;
				CLANG_WARN_STRICT_PROTOTYPES = YES;
				CLANG_WARN_SUSPICIOUS_MOVE = YES;
				CLANG_WARN_UNGUARDED_AVAILABILITY = YES_AGGRESSIVE;
				CLANG_WARN_UNREACHABLE_CODE = YES;
				CLANG_WARN__DUPLICATE_METHOD_MATCH = YES;
				COPY_PHASE_STRIP = NO;
				DEBUG_INFORMATION_FORMAT = "dwarf-with-dsym";
				ENABLE_NS_ASSERTIONS = NO;
				ENABLE_STRICT_OBJC_MSGSEND = YES;
				GCC_C_LANGUAGE_STANDARD = gnu11;
				GCC_NO_COMMON_BLOCKS = YES;
				GCC_WARN_64_TO_32_BIT_CONVERSION = YES;
				GCC_WARN_ABOUT_RETURN_TYPE = YES_ERROR;
				GCC_WARN_UNDECLARED_SELECTOR = YES;
				GCC_WARN_UNINITIALIZED_AUTOS = YES_AGGRESSIVE;
				GCC_WARN_UNUSED_FUNCTION = YES;
				GCC_WARN_UNUSED_VARIABLE = YES;
				IPHONEOS_DEPLOYMENT_TARGET = 14.1;
				MTL_ENABLE_DEBUG_INFO = NO;
				MTL_FAST_MATH = YES;
				SDKROOT = iphoneos;
				SWIFT_COMPILATION_MODE = wholemodule;
				SWIFT_OPTIMIZATION_LEVEL = "-O";
				VALIDATE_PRODUCT = YES;
			};
			name = Release;
		};
		F816E6872545D945004214D4 /* Debug */ = {
			isa = XCBuildConfiguration;
			buildSettings = {
				ASSETCATALOG_COMPILER_APPICON_NAME = AppIcon;
				ASSETCATALOG_COMPILER_GLOBAL_ACCENT_COLOR_NAME = AccentColor;
				CODE_SIGN_STYLE = Automatic;
				DEVELOPMENT_TEAM = F34BP47W9U;
				INFOPLIST_FILE = CoffeeMachine/Info.plist;
				LD_RUNPATH_SEARCH_PATHS = (
					"$(inherited)",
					"@executable_path/Frameworks",
				);
				PRODUCT_BUNDLE_IDENTIFIER = com.yatsenko.CoffeeMachine;
				PRODUCT_NAME = "$(TARGET_NAME)";
				SWIFT_VERSION = 5.0;
				TARGETED_DEVICE_FAMILY = 2;
			};
			name = Debug;
		};
		F816E6882545D945004214D4 /* Release */ = {
			isa = XCBuildConfiguration;
			buildSettings = {
				ASSETCATALOG_COMPILER_APPICON_NAME = AppIcon;
				ASSETCATALOG_COMPILER_GLOBAL_ACCENT_COLOR_NAME = AccentColor;
				CODE_SIGN_STYLE = Automatic;
				DEVELOPMENT_TEAM = F34BP47W9U;
				INFOPLIST_FILE = CoffeeMachine/Info.plist;
				LD_RUNPATH_SEARCH_PATHS = (
					"$(inherited)",
					"@executable_path/Frameworks",
				);
				PRODUCT_BUNDLE_IDENTIFIER = com.yatsenko.CoffeeMachine;
				PRODUCT_NAME = "$(TARGET_NAME)";
				SWIFT_VERSION = 5.0;
				TARGETED_DEVICE_FAMILY = 2;
			};
			name = Release;
		};
/* End XCBuildConfiguration section */

/* Begin XCConfigurationList section */
		F816E66D2545D944004214D4 /* Build configuration list for PBXProject "CoffeeMachine" */ = {
			isa = XCConfigurationList;
			buildConfigurations = (
				F816E6842545D945004214D4 /* Debug */,
				F816E6852545D945004214D4 /* Release */,
			);
			defaultConfigurationIsVisible = 0;
			defaultConfigurationName = Release;
		};
		F816E6862545D945004214D4 /* Build configuration list for PBXNativeTarget "CoffeeMachine" */ = {
			isa = XCConfigurationList;
			buildConfigurations = (
				F816E6872545D945004214D4 /* Debug */,
				F816E6882545D945004214D4 /* Release */,
			);
			defaultConfigurationIsVisible = 0;
			defaultConfigurationName = Release;
		};
/* End XCConfigurationList section */
	};
	rootObject = F816E66A2545D944004214D4 /* Project object */;
}
